
Microsoft Visual Studio Solution File, Format Version 11.00
# Visual C++ Express 2010
Project("{8BC9CEB8-8B4A-11D0-8D11-00A0C91BC942}") = "SelectSkeleton", "SelectSkeleton.vcxproj", "{A373FCE8-86B3-40DF-9E00-713D30D144EA}"
EndProject
Global
	GlobalSection(SolutionConfigurationPlatforms) = preSolution
		Debug|Win32 = Debug|Win32
		Release|Win32 = Release|Win32
	EndGlobalSection
	GlobalSection(ProjectConfigurationPlatforms) = postSolution
		{A373FCE8-86B3-40DF-9E00-713D30D144EA}.Debug|Win32.ActiveCfg = Debug|Win32
		{A373FCE8-86B3-40DF-9E00-713D30D144EA}.Debug|Win32.Build.0 = Debug|Win32
		{A373FCE8-86B3-40DF-9E00-713D30D144EA}.Release|Win32.ActiveCfg = Release|Win32
		{A373FCE8-86B3-40DF-9E00-713D30D144EA}.Release|Win32.Build.0 = Release|Win32
	EndGlobalSection
	GlobalSection(SolutionProperties) = preSolution
		HideSolutionNode = FALSE
	EndGlobalSection
EndGlobal
